{
  "requires": true,
  "lockfileVersion": 1,
  "dependencies": {
    "@citizenfx/client": {
      "version": "2.0.5283-1",
      "resolved": "https://registry.npmjs.org/@citizenfx/client/-/client-2.0.5283-1.tgz",
      "integrity": "sha512-hBz1qAM0pnwldCuSck4u1wO0MdvkRJWcV3RItD1B38Liii2olOLd1pofMEvYSp1eM0sXgT9Sa5AUhQ2YqNowSw=="
    },
    "@citizenfx/server": {
      "version": "2.0.5283-1",
      "resolved": "https://registry.npmjs.org/@citizenfx/server/-/server-2.0.5283-1.tgz",
      "integrity": "sha512-84SWeZ+F0cGQYnPhJmM7jI4VuyQ00hxkjx5hpuwXCX4xE6NcAqFbLpKF51w+xYVOxOLgMskMZIyW2XCWfGx4pw=="
    }
  }
}
